// !$*UTF8*$!
{
	archiveVersion = 1;
	classes = {
	};
	objectVersion = 55;
	objects = {

/* Begin PBXBuildFile section */
		C7830C5954F4972DF389FD47 /* libPods-TranslaterExtension.a in Frameworks */ = {isa = PBXBuildFile; fileRef = 21F7F223C51F87EF1E633062 /* libPods-TranslaterExtension.a */; };
		D64C227729ABC6AB00D21DDD /* Cocoa.framework in Frameworks */ = {isa = PBXBuildFile; fileRef = D64C224829ABC37E00D21DDD /* Cocoa.framework */; };
		D64C227C29ABC6AB00D21DDD /* SourceEditorExtension.m in Sources */ = {isa = PBXBuildFile; fileRef = D64C227B29ABC6AB00D21DDD /* SourceEditorExtension.m */; };
		D64C227F29ABC6AB00D21DDD /* SourceEditorCommand.m in Sources */ = {isa = PBXBuildFile; fileRef = D64C227E29ABC6AB00D21DDD /* SourceEditorCommand.m */; };
		D64C228429ABC6AB00D21DDD /* TranslaterExtension.appex in Embed Foundation Extensions */ = {isa = PBXBuildFile; fileRef = D64C227629ABC6AB00D21DDD /* TranslaterExtension.appex */; settings = {ATTRIBUTES = (RemoveHeadersOnCopy, ); }; };
		D64C228929ABC6FC00D21DDD /* XcodeKit.framework in Frameworks */ = {isa = PBXBuildFile; fileRef = D64C224A29ABC37E00D21DDD /* XcodeKit.framework */; };
		D64C228A29ABC6FC00D21DDD /* XcodeKit.framework in Embed Frameworks */ = {isa = PBXBuildFile; fileRef = D64C224A29ABC37E00D21DDD /* XcodeKit.framework */; settings = {ATTRIBUTES = (CodeSignOnCopy, RemoveHeadersOnCopy, ); }; };
		D6F09FE929AD0EA400DC7981 /* YoudaoTranslater.m in Sources */ = {isa = PBXBuildFile; fileRef = D6F09FE829AD0EA400DC7981 /* YoudaoTranslater.m */; };
		D6FE0F0929AB65B9006098FB /* AppDelegate.m in Sources */ = {isa = PBXBuildFile; fileRef = D6FE0F0829AB65B9006098FB /* AppDelegate.m */; };
		D6FE0F0C29AB65B9006098FB /* ViewController.m in Sources */ = {isa = PBXBuildFile; fileRef = D6FE0F0B29AB65B9006098FB /* ViewController.m */; };
		D6FE0F0E29AB65B9006098FB /* Assets.xcassets in Resources */ = {isa = PBXBuildFile; fileRef = D6FE0F0D29AB65B9006098FB /* Assets.xcassets */; };
		D6FE0F1129AB65B9006098FB /* Main.storyboard in Resources */ = {isa = PBXBuildFile; fileRef = D6FE0F0F29AB65B9006098FB /* Main.storyboard */; };
		D6FE0F1329AB65B9006098FB /* main.m in Sources */ = {isa = PBXBuildFile; fileRef = D6FE0F1229AB65B9006098FB /* main.m */; };
		FC31638910C7D981FFC13901 /* Pods_Translater.framework in Frameworks */ = {isa = PBXBuildFile; fileRef = 66F2C7A51058D0CE72C2A7AA /* Pods_Translater.framework */; };
/* End PBXBuildFile section */

/* Begin PBXContainerItemProxy section */
		D64C228229ABC6AB00D21DDD /* PBXContainerItemProxy */ = {
			isa = PBXContainerItemProxy;
			containerPortal = D6FE0EFC29AB65B9006098FB /* Project object */;
			proxyType = 1;
			remoteGlobalIDString = D64C227529ABC6AB00D21DDD;
			remoteInfo = TranslaterExtension;
		};
/* End PBXContainerItemProxy section */

/* Begin PBXCopyFilesBuildPhase section */
		D64C225829ABC37E00D21DDD /* Embed Foundation Extensions */ = {
			isa = PBXCopyFilesBuildPhase;
			buildActionMask = 2147483647;
			dstPath = "";
			dstSubfolderSpec = 13;
			files = (
				D64C228429ABC6AB00D21DDD /* TranslaterExtension.appex in Embed Foundation Extensions */,
			);
			name = "Embed Foundation Extensions";
			runOnlyForDeploymentPostprocessing = 0;
		};
		D64C228B29ABC6FC00D21DDD /* Embed Frameworks */ = {
			isa = PBXCopyFilesBuildPhase;
			buildActionMask = 2147483647;
			dstPath = "";
			dstSubfolderSpec = 10;
			files = (
				D64C228A29ABC6FC00D21DDD /* XcodeKit.framework in Embed Frameworks */,
			);
			name = "Embed Frameworks";
			runOnlyForDeploymentPostprocessing = 0;
		};
/* End PBXCopyFilesBuildPhase section */

/* Begin PBXFileReference section */
		21F7F223C51F87EF1E633062 /* libPods-TranslaterExtension.a */ = {isa = PBXFileReference; explicitFileType = archive.ar; includeInIndex = 0; path = "libPods-TranslaterExtension.a"; sourceTree = BUILT_PRODUCTS_DIR; };
		4B7D3C3E0ED1556B54B13832 /* Pods-TranslaterExtension.debug.xcconfig */ = {isa = PBXFileReference; includeInIndex = 1; lastKnownFileType = text.xcconfig; name = "Pods-TranslaterExtension.debug.xcconfig"; path = "Target Support Files/Pods-TranslaterExtension/Pods-TranslaterExtension.debug.xcconfig"; sourceTree = "<group>"; };
		66313F85F16AFD90E9A7EDBB /* Pods-TranslaterExtension.release.xcconfig */ = {isa = PBXFileReference; includeInIndex = 1; lastKnownFileType = text.xcconfig; name = "Pods-TranslaterExtension.release.xcconfig"; path = "Target Support Files/Pods-TranslaterExtension/Pods-TranslaterExtension.release.xcconfig"; sourceTree = "<group>"; };
		66F2C7A51058D0CE72C2A7AA /* Pods_Translater.framework */ = {isa = PBXFileReference; explicitFileType = wrapper.framework; includeInIndex = 0; path = Pods_Translater.framework; sourceTree = BUILT_PRODUCTS_DIR; };
		768BF76DF280993F75E66FFD /* Pods-Translater.debug.xcconfig */ = {isa = PBXFileReference; includeInIndex = 1; lastKnownFileType = text.xcconfig; name = "Pods-Translater.debug.xcconfig"; path = "Target Support Files/Pods-Translater/Pods-Translater.debug.xcconfig"; sourceTree = "<group>"; };
		768F3B6315BA382200EF3D5B /* Pods-Translater.release.xcconfig */ = {isa = PBXFileReference; includeInIndex = 1; lastKnownFileType = text.xcconfig; name = "Pods-Translater.release.xcconfig"; path = "Target Support Files/Pods-Translater/Pods-Translater.release.xcconfig"; sourceTree = "<group>"; };
		D64C224829ABC37E00D21DDD /* Cocoa.framework */ = {isa = PBXFileReference; lastKnownFileType = wrapper.framework; name = Cocoa.framework; path = System/Library/Frameworks/Cocoa.framework; sourceTree = SDKROOT; };
		D64C224A29ABC37E00D21DDD /* XcodeKit.framework */ = {isa = PBXFileReference; lastKnownFileType = wrapper.framework; name = XcodeKit.framework; path = Library/Frameworks/XcodeKit.framework; sourceTree = DEVELOPER_DIR; };
		D64C227629ABC6AB00D21DDD /* TranslaterExtension.appex */ = {isa = PBXFileReference; explicitFileType = "wrapper.app-extension"; includeInIndex = 0; path = TranslaterExtension.appex; sourceTree = BUILT_PRODUCTS_DIR; };
		D64C227A29ABC6AB00D21DDD /* SourceEditorExtension.h */ = {isa = PBXFileReference; lastKnownFileType = sourcecode.c.h; path = SourceEditorExtension.h; sourceTree = "<group>"; };
		D64C227B29ABC6AB00D21DDD /* SourceEditorExtension.m */ = {isa = PBXFileReference; lastKnownFileType = sourcecode.c.objc; path = SourceEditorExtension.m; sourceTree = "<group>"; };
		D64C227D29ABC6AB00D21DDD /* SourceEditorCommand.h */ = {isa = PBXFileReference; lastKnownFileType = sourcecode.c.h; path = SourceEditorCommand.h; sourceTree = "<group>"; };
		D64C227E29ABC6AB00D21DDD /* SourceEditorCommand.m */ = {isa = PBXFileReference; lastKnownFileType = sourcecode.c.objc; path = SourceEditorCommand.m; sourceTree = "<group>"; };
		D64C228029ABC6AB00D21DDD /* Info.plist */ = {isa = PBXFileReference; lastKnownFileType = text.plist.xml; path = Info.plist; sourceTree = "<group>"; };
		D64C228129ABC6AB00D21DDD /* TranslaterExtension.entitlements */ = {isa = PBXFileReference; lastKnownFileType = text.plist.entitlements; path = TranslaterExtension.entitlements; sourceTree = "<group>"; };
		D64C228829ABC6EA00D21DDD /* TranslaterDefine.h */ = {isa = PBXFileReference; lastKnownFileType = sourcecode.c.h; path = TranslaterDefine.h; sourceTree = "<group>"; };
		D6A9045329ABC76D00E5D29F /* AFNetworking.framework */ = {isa = PBXFileReference; explicitFileType = wrapper.framework; path = AFNetworking.framework; sourceTree = BUILT_PRODUCTS_DIR; };
		D6F09FE729AD0EA400DC7981 /* YoudaoTranslater.h */ = {isa = PBXFileReference; lastKnownFileType = sourcecode.c.h; path = YoudaoTranslater.h; sourceTree = "<group>"; };
		D6F09FE829AD0EA400DC7981 /* YoudaoTranslater.m */ = {isa = PBXFileReference; lastKnownFileType = sourcecode.c.objc; path = YoudaoTranslater.m; sourceTree = "<group>"; };
		D6FE0F0429AB65B9006098FB /* Translater.app */ = {isa = PBXFileReference; explicitFileType = wrapper.application; includeInIndex = 0; path = Translater.app; sourceTree = BUILT_PRODUCTS_DIR; };
		D6FE0F0729AB65B9006098FB /* AppDelegate.h */ = {isa = PBXFileReference; lastKnownFileType = sourcecode.c.h; path = AppDelegate.h; sourceTree = "<group>"; };
		D6FE0F0829AB65B9006098FB /* AppDelegate.m */ = {isa = PBXFileReference; lastKnownFileType = sourcecode.c.objc; path = AppDelegate.m; sourceTree = "<group>"; };
		D6FE0F0A29AB65B9006098FB /* ViewController.h */ = {isa = PBXFileReference; lastKnownFileType = sourcecode.c.h; path = ViewController.h; sourceTree = "<group>"; };
		D6FE0F0B29AB65B9006098FB /* ViewController.m */ = {isa = PBXFileReference; lastKnownFileType = sourcecode.c.objc; path = ViewController.m; sourceTree = "<group>"; };
		D6FE0F0D29AB65B9006098FB /* Assets.xcassets */ = {isa = PBXFileReference; lastKnownFileType = folder.assetcatalog; path = Assets.xcassets; sourceTree = "<group>"; };
		D6FE0F1029AB65B9006098FB /* Base */ = {isa = PBXFileReference; lastKnownFileType = file.storyboard; name = Base; path = Base.lproj/Main.storyboard; sourceTree = "<group>"; };
		D6FE0F1229AB65B9006098FB /* main.m */ = {isa = PBXFileReference; lastKnownFileType = sourcecode.c.objc; path = main.m; sourceTree = "<group>"; };
		D6FE0F1429AB65B9006098FB /* Translater.entitlements */ = {isa = PBXFileReference; lastKnownFileType = text.plist.entitlements; path = Translater.entitlements; sourceTree = "<group>"; };
/* End PBXFileReference section */

/* Begin PBXFrameworksBuildPhase section */
		D64C227329ABC6AB00D21DDD /* Frameworks */ = {
			isa = PBXFrameworksBuildPhase;
			buildActionMask = 2147483647;
			files = (
				D64C227729ABC6AB00D21DDD /* Cocoa.framework in Frameworks */,
				D64C228929ABC6FC00D21DDD /* XcodeKit.framework in Frameworks */,
				C7830C5954F4972DF389FD47 /* libPods-TranslaterExtension.a in Frameworks */,
			);
			runOnlyForDeploymentPostprocessing = 0;
		};
		D6FE0F0129AB65B9006098FB /* Frameworks */ = {
			isa = PBXFrameworksBuildPhase;
			buildActionMask = 2147483647;
			files = (
				FC31638910C7D981FFC13901 /* Pods_Translater.framework in Frameworks */,
			);
			runOnlyForDeploymentPostprocessing = 0;
		};
/* End PBXFrameworksBuildPhase section */

/* Begin PBXGroup section */
		90F478527603A54E8333BED9 /* Pods */ = {
			isa = PBXGroup;
			children = (
				768BF76DF280993F75E66FFD /* Pods-Translater.debug.xcconfig */,
				768F3B6315BA382200EF3D5B /* Pods-Translater.release.xcconfig */,
				4B7D3C3E0ED1556B54B13832 /* Pods-TranslaterExtension.debug.xcconfig */,
				66313F85F16AFD90E9A7EDBB /* Pods-TranslaterExtension.release.xcconfig */,
			);
			path = Pods;
			sourceTree = "<group>";
		};
		D64C224729ABC37E00D21DDD /* Frameworks */ = {
			isa = PBXGroup;
			children = (
				D6A9045329ABC76D00E5D29F /* AFNetworking.framework */,
				D64C224829ABC37E00D21DDD /* Cocoa.framework */,
				D64C224A29ABC37E00D21DDD /* XcodeKit.framework */,
				66F2C7A51058D0CE72C2A7AA /* Pods_Translater.framework */,
				21F7F223C51F87EF1E633062 /* libPods-TranslaterExtension.a */,
			);
			name = Frameworks;
			sourceTree = "<group>";
		};
		D64C227929ABC6AB00D21DDD /* TranslaterExtension */ = {
			isa = PBXGroup;
			children = (
				D6F09FE629AD0E8100DC7981 /* YoudaoDict */,
				D64C228829ABC6EA00D21DDD /* TranslaterDefine.h */,
				D64C227A29ABC6AB00D21DDD /* SourceEditorExtension.h */,
				D64C227B29ABC6AB00D21DDD /* SourceEditorExtension.m */,
				D64C227D29ABC6AB00D21DDD /* SourceEditorCommand.h */,
				D64C227E29ABC6AB00D21DDD /* SourceEditorCommand.m */,
				D64C228029ABC6AB00D21DDD /* Info.plist */,
				D64C228129ABC6AB00D21DDD /* TranslaterExtension.entitlements */,
			);
			path = TranslaterExtension;
			sourceTree = "<group>";
		};
		D6F09FE629AD0E8100DC7981 /* YoudaoDict */ = {
			isa = PBXGroup;
			children = (
				D6F09FE729AD0EA400DC7981 /* YoudaoTranslater.h */,
				D6F09FE829AD0EA400DC7981 /* YoudaoTranslater.m */,
			);
			path = YoudaoDict;
			sourceTree = "<group>";
		};
		D6FE0EFB29AB65B9006098FB = {
			isa = PBXGroup;
			children = (
				D6FE0F0629AB65B9006098FB /* Translater */,
				D64C227929ABC6AB00D21DDD /* TranslaterExtension */,
				D64C224729ABC37E00D21DDD /* Frameworks */,
				D6FE0F0529AB65B9006098FB /* Products */,
				90F478527603A54E8333BED9 /* Pods */,
			);
			sourceTree = "<group>";
		};
		D6FE0F0529AB65B9006098FB /* Products */ = {
			isa = PBXGroup;
			children = (
				D6FE0F0429AB65B9006098FB /* Translater.app */,
				D64C227629ABC6AB00D21DDD /* TranslaterExtension.appex */,
			);
			name = Products;
			sourceTree = "<group>";
		};
		D6FE0F0629AB65B9006098FB /* Translater */ = {
			isa = PBXGroup;
			children = (
				D6FE0F0729AB65B9006098FB /* AppDelegate.h */,
				D6FE0F0829AB65B9006098FB /* AppDelegate.m */,
				D6FE0F0A29AB65B9006098FB /* ViewController.h */,
				D6FE0F0B29AB65B9006098FB /* ViewController.m */,
				D6FE0F0D29AB65B9006098FB /* Assets.xcassets */,
				D6FE0F0F29AB65B9006098FB /* Main.storyboard */,
				D6FE0F1229AB65B9006098FB /* main.m */,
				D6FE0F1429AB65B9006098FB /* Translater.entitlements */,
			);
			path = Translater;
			sourceTree = "<group>";
		};
/* End PBXGroup section */

/* Begin PBXNativeTarget section */
		D64C227529ABC6AB00D21DDD /* TranslaterExtension */ = {
			isa = PBXNativeTarget;
			buildConfigurationList = D64C228529ABC6AB00D21DDD /* Build configuration list for PBXNativeTarget "TranslaterExtension" */;
			buildPhases = (
				5897905EF6B987E998B08CA0 /* [CP] Check Pods Manifest.lock */,
				D64C227229ABC6AB00D21DDD /* Sources */,
				D64C227329ABC6AB00D21DDD /* Frameworks */,
				D64C227429ABC6AB00D21DDD /* Resources */,
				D64C228B29ABC6FC00D21DDD /* Embed Frameworks */,
			);
			buildRules = (
			);
			dependencies = (
			);
			name = TranslaterExtension;
			productName = TranslaterExtension;
			productReference = D64C227629ABC6AB00D21DDD /* TranslaterExtension.appex */;
			productType = "com.apple.product-type.xcode-extension";
		};
		D6FE0F0329AB65B9006098FB /* Translater */ = {
			isa = PBXNativeTarget;
			buildConfigurationList = D6FE0F1729AB65B9006098FB /* Build configuration list for PBXNativeTarget "Translater" */;
			buildPhases = (
				E82FC85CF18F2CBACA77346C /* [CP] Check Pods Manifest.lock */,
				D6FE0F0029AB65B9006098FB /* Sources */,
				D6FE0F0129AB65B9006098FB /* Frameworks */,
				D6FE0F0229AB65B9006098FB /* Resources */,
				D64C225829ABC37E00D21DDD /* Embed Foundation Extensions */,
			);
			buildRules = (
			);
			dependencies = (
				D64C228329ABC6AB00D21DDD /* PBXTargetDependency */,
			);
			name = Translater;
			productName = Translater;
			productReference = D6FE0F0429AB65B9006098FB /* Translater.app */;
			productType = "com.apple.product-type.application";
		};
/* End PBXNativeTarget section */

/* Begin PBXProject section */
		D6FE0EFC29AB65B9006098FB /* Project object */ = {
			isa = PBXProject;
			attributes = {
				BuildIndependentTargetsInParallel = 1;
				LastUpgradeCheck = 1420;
				TargetAttributes = {
					D64C227529ABC6AB00D21DDD = {
						CreatedOnToolsVersion = 14.2;
					};
					D6FE0F0329AB65B9006098FB = {
						CreatedOnToolsVersion = 14.2;
					};
				};
			};
			buildConfigurationList = D6FE0EFF29AB65B9006098FB /* Build configuration list for PBXProject "Translater" */;
			compatibilityVersion = "Xcode 13.0";
			developmentRegion = en;
			hasScannedForEncodings = 0;
			knownRegions = (
				en,
				Base,
			);
			mainGroup = D6FE0EFB29AB65B9006098FB;
			productRefGroup = D6FE0F0529AB65B9006098FB /* Products */;
			projectDirPath = "";
			projectRoot = "";
			targets = (
				D6FE0F0329AB65B9006098FB /* Translater */,
				D64C227529ABC6AB00D21DDD /* TranslaterExtension */,
			);
		};
/* End PBXProject section */

/* Begin PBXResourcesBuildPhase section */
		D64C227429ABC6AB00D21DDD /* Resources */ = {
			isa = PBXResourcesBuildPhase;
			buildActionMask = 2147483647;
			files = (
			);
			runOnlyForDeploymentPostprocessing = 0;
		};
		D6FE0F0229AB65B9006098FB /* Resources */ = {
			isa = PBXResourcesBuildPhase;
			buildActionMask = 2147483647;
			files = (
				D6FE0F0E29AB65B9006098FB /* Assets.xcassets in Resources */,
				D6FE0F1129AB65B9006098FB /* Main.storyboard in Resources */,
			);
			runOnlyForDeploymentPostprocessing = 0;
		};
/* End PBXResourcesBuildPhase section */

/* Begin PBXShellScriptBuildPhase section */
		5897905EF6B987E998B08CA0 /* [CP] Check Pods Manifest.lock */ = {
			isa = PBXShellScriptBuildPhase;
			buildActionMask = 2147483647;
			files = (
			);
			inputFileListPaths = (
			);
			inputPaths = (
				"${PODS_PODFILE_DIR_PATH}/Podfile.lock",
				"${PODS_ROOT}/Manifest.lock",
			);
			name = "[CP] Check Pods Manifest.lock";
			outputFileListPaths = (
			);
			outputPaths = (
				"$(DERIVED_FILE_DIR)/Pods-TranslaterExtension-checkManifestLockResult.txt",
			);
			runOnlyForDeploymentPostprocessing = 0;
			shellPath = /bin/sh;
			shellScript = "diff \"${PODS_PODFILE_DIR_PATH}/Podfile.lock\" \"${PODS_ROOT}/Manifest.lock\" > /dev/null\nif [ $? != 0 ] ; then\n    # print error to STDERR\n    echo \"error: The sandbox is not in sync with the Podfile.lock. Run 'pod install' or update your CocoaPods installation.\" >&2\n    exit 1\nfi\n# This output is used by Xcode 'outputs' to avoid re-running this script phase.\necho \"SUCCESS\" > \"${SCRIPT_OUTPUT_FILE_0}\"\n";
			showEnvVarsInLog = 0;
		};
		E82FC85CF18F2CBACA77346C /* [CP] Check Pods Manifest.lock */ = {
			isa = PBXShellScriptBuildPhase;
			buildActionMask = 2147483647;
			files = (
			);
			inputFileListPaths = (
			);
			inputPaths = (
				"${PODS_PODFILE_DIR_PATH}/Podfile.lock",
				"${PODS_ROOT}/Manifest.lock",
			);
			name = "[CP] Check Pods Manifest.lock";
			outputFileListPaths = (
			);
			outputPaths = (
				"$(DERIVED_FILE_DIR)/Pods-Translater-checkManifestLockResult.txt",
			);
			runOnlyForDeploymentPostprocessing = 0;
			shellPath = /bin/sh;
			shellScript = "diff \"${PODS_PODFILE_DIR_PATH}/Podfile.lock\" \"${PODS_ROOT}/Manifest.lock\" > /dev/null\nif [ $? != 0 ] ; then\n    # print error to STDERR\n    echo \"error: The sandbox is not in sync with the Podfile.lock. Run 'pod install' or update your CocoaPods installation.\" >&2\n    exit 1\nfi\n# This output is used by Xcode 'outputs' to avoid re-running this script phase.\necho \"SUCCESS\" > \"${SCRIPT_OUTPUT_FILE_0}\"\n";
			showEnvVarsInLog = 0;
		};
/* End PBXShellScriptBuildPhase section */

/* Begin PBXSourcesBuildPhase section */
		D64C227229ABC6AB00D21DDD /* Sources */ = {
			isa = PBXSourcesBuildPhase;
			buildActionMask = 2147483647;
			files = (
				D64C227C29ABC6AB00D21DDD /* SourceEditorExtension.m in Sources */,
				D64C227F29ABC6AB00D21DDD /* SourceEditorCommand.m in Sources */,
				D6F09FE929AD0EA400DC7981 /* YoudaoTranslater.m in Sources */,
			);
			runOnlyForDeploymentPostprocessing = 0;
		};
		D6FE0F0029AB65B9006098FB /* Sources */ = {
			isa = PBXSourcesBuildPhase;
			buildActionMask = 2147483647;
			files = (
				D6FE0F0C29AB65B9006098FB /* ViewController.m in Sources */,
				D6FE0F1329AB65B9006098FB /* main.m in Sources */,
				D6FE0F0929AB65B9006098FB /* AppDelegate.m in Sources */,
			);
			runOnlyForDeploymentPostprocessing = 0;
		};
/* End PBXSourcesBuildPhase section */

/* Begin PBXTargetDependency section */
		D64C228329ABC6AB00D21DDD /* PBXTargetDependency */ = {
			isa = PBXTargetDependency;
			target = D64C227529ABC6AB00D21DDD /* TranslaterExtension */;
			targetProxy = D64C228229ABC6AB00D21DDD /* PBXContainerItemProxy */;
		};
/* End PBXTargetDependency section */

/* Begin PBXVariantGroup section */
		D6FE0F0F29AB65B9006098FB /* Main.storyboard */ = {
			isa = PBXVariantGroup;
			children = (
				D6FE0F1029AB65B9006098FB /* Base */,
			);
			name = Main.storyboard;
			sourceTree = "<group>";
		};
/* End PBXVariantGroup section */

/* Begin XCBuildConfiguration section */
		D64C228629ABC6AB00D21DDD /* Debug */ = {
			isa = XCBuildConfiguration;
			baseConfigurationReference = 4B7D3C3E0ED1556B54B13832 /* Pods-TranslaterExtension.debug.xcconfig */;
			buildSettings = {
				CODE_SIGN_ENTITLEMENTS = TranslaterExtension/TranslaterExtension.entitlements;
				CODE_SIGN_STYLE = Automatic;
				COMBINE_HIDPI_IMAGES = YES;
				CURRENT_PROJECT_VERSION = 1;
				DEVELOPMENT_TEAM = W6KQR9C6WG;
				ENABLE_HARDENED_RUNTIME = YES;
				GENERATE_INFOPLIST_FILE = YES;
				INFOPLIST_FILE = TranslaterExtension/Info.plist;
				INFOPLIST_KEY_CFBundleDisplayName = TranslaterExtension;
				INFOPLIST_KEY_NSHumanReadableCopyright = "";
				LD_RUNPATH_SEARCH_PATHS = (
					"$(inherited)",
					"@executable_path/../Frameworks",
					"@executable_path/../../../../Frameworks",
				);
				MARKETING_VERSION = 1.0;
				PRODUCT_BUNDLE_IDENTIFIER = fun.wao.Translater.TranslaterExtension;
				PRODUCT_NAME = "$(TARGET_NAME)";
				SKIP_INSTALL = YES;
				SWIFT_EMIT_LOC_STRINGS = YES;
			};
			name = Debug;
		};
		D64C228729ABC6AB00D21DDD /* Release */ = {
			isa = XCBuildConfiguration;
			baseConfigurationReference = 66313F85F16AFD90E9A7EDBB /* Pods-TranslaterExtension.release.xcconfig */;
			buildSettings = {
				CODE_SIGN_ENTITLEMENTS = TranslaterExtension/TranslaterExtension.entitlements;
				CODE_SIGN_STYLE = Automatic;
				COMBINE_HIDPI_IMAGES = YES;
				CURRENT_PROJECT_VERSION = 1;
				DEVELOPMENT_TEAM = W6KQR9C6WG;
				ENABLE_HARDENED_RUNTIME = YES;
				GENERATE_INFOPLIST_FILE = YES;
				INFOPLIST_FILE = TranslaterExtension/Info.plist;
				INFOPLIST_KEY_CFBundleDisplayName = TranslaterExtension;
				INFOPLIST_KEY_NSHumanReadableCopyright = "";
				LD_RUNPATH_SEARCH_PATHS = (
					"$(inherited)",
					"@executable_path/../Frameworks",
					"@executable_path/../../../../Frameworks",
				);
				MARKETING_VERSION = 1.0;
				PRODUCT_BUNDLE_IDENTIFIER = fun.wao.Translater.TranslaterExtension;
				PRODUCT_NAME = "$(TARGET_NAME)";
				SKIP_INSTALL = YES;
				SWIFT_EMIT_LOC_STRINGS = YES;
			};
			name = Release;
		};
		D6FE0F1529AB65B9006098FB /* Debug */ = {
			isa = XCBuildConfiguration;
			buildSettings = {
				ALWAYS_SEARCH_USER_PATHS = NO;
				CLANG_ANALYZER_NONNULL = YES;
				CLANG_ANALYZER_NUMBER_OBJECT_CONVERSION = YES_AGGRESSIVE;
				CLANG_CXX_LANGUAGE_STANDARD = "gnu++20";
				CLANG_ENABLE_MODULES = YES;
				CLANG_ENABLE_OBJC_ARC = YES;
				CLANG_ENABLE_OBJC_WEAK = YES;
				CLANG_WARN_BLOCK_CAPTURE_AUTORELEASING = YES;
				CLANG_WARN_BOOL_CONVERSION = YES;
				CLANG_WARN_COMMA = YES;
				CLANG_WARN_CONSTANT_CONVERSION = YES;
				CLANG_WARN_DEPRECATED_OBJC_IMPLEMENTATIONS = YES;
				CLANG_WARN_DIRECT_OBJC_ISA_USAGE = YES_ERROR;
				CLANG_WARN_DOCUMENTATION_COMMENTS = YES;
				CLANG_WARN_EMPTY_BODY = YES;
				CLANG_WARN_ENUM_CONVERSION = YES;
				CLANG_WARN_INFINITE_RECURSION = YES;
				CLANG_WARN_INT_CONVERSION = YES;
				CLANG_WARN_NON_LITERAL_NULL_CONVERSION = YES;
				CLANG_WARN_OBJC_IMPLICIT_RETAIN_SELF = YES;
				CLANG_WARN_OBJC_LITERAL_CONVERSION = YES;
				CLANG_WARN_OBJC_ROOT_CLASS = YES_ERROR;
				CLANG_WARN_QUOTED_INCLUDE_IN_FRAMEWORK_HEADER = YES;
				CLANG_WARN_RANGE_LOOP_ANALYSIS = YES;
				CLANG_WARN_STRICT_PROTOTYPES = YES;
				CLANG_WARN_SUSPICIOUS_MOVE = YES;
				CLANG_WARN_UNGUARDED_AVAILABILITY = YES_AGGRESSIVE;
				CLANG_WARN_UNREACHABLE_CODE = YES;
				CLANG_WARN__DUPLICATE_METHOD_MATCH = YES;
				COPY_PHASE_STRIP = NO;
				DEBUG_INFORMATION_FORMAT = dwarf;
				ENABLE_STRICT_OBJC_MSGSEND = YES;
				ENABLE_TESTABILITY = YES;
				GCC_C_LANGUAGE_STANDARD = gnu11;
				GCC_DYNAMIC_NO_PIC = NO;
				GCC_NO_COMMON_BLOCKS = YES;
				GCC_OPTIMIZATION_LEVEL = 0;
				GCC_PREPROCESSOR_DEFINITIONS = (
					"DEBUG=1",
					"$(inherited)",
				);
				GCC_WARN_64_TO_32_BIT_CONVERSION = YES;
				GCC_WARN_ABOUT_RETURN_TYPE = YES_ERROR;
				GCC_WARN_UNDECLARED_SELECTOR = YES;
				GCC_WARN_UNINITIALIZED_AUTOS = YES_AGGRESSIVE;
				GCC_WARN_UNUSED_FUNCTION = YES;
				GCC_WARN_UNUSED_VARIABLE = YES;
				MACOSX_DEPLOYMENT_TARGET = 13.0;
				MTL_ENABLE_DEBUG_INFO = INCLUDE_SOURCE;
				MTL_FAST_MATH = YES;
				ONLY_ACTIVE_ARCH = YES;
				SDKROOT = macosx;
			};
			name = Debug;
		};
		D6FE0F1629AB65B9006098FB /* Release */ = {
			isa = XCBuildConfiguration;
			buildSettings = {
				ALWAYS_SEARCH_USER_PATHS = NO;
				CLANG_ANALYZER_NONNULL = YES;
				CLANG_ANALYZER_NUMBER_OBJECT_CONVERSION = YES_AGGRESSIVE;
				CLANG_CXX_LANGUAGE_STANDARD = "gnu++20";
				CLANG_ENABLE_MODULES = YES;
				CLANG_ENABLE_OBJC_ARC = YES;
				CLANG_ENABLE_OBJC_WEAK = YES;
				CLANG_WARN_BLOCK_CAPTURE_AUTORELEASING = YES;
				CLANG_WARN_BOOL_CONVERSION = YES;
				CLANG_WARN_COMMA = YES;
				CLANG_WARN_CONSTANT_CONVERSION = YES;
				CLANG_WARN_DEPRECATED_OBJC_IMPLEMENTATIONS = YES;
				CLANG_WARN_DIRECT_OBJC_ISA_USAGE = YES_ERROR;
				CLANG_WARN_DOCUMENTATION_COMMENTS = YES;
				CLANG_WARN_EMPTY_BODY = YES;
				CLANG_WARN_ENUM_CONVERSION = YES;
				CLANG_WARN_INFINITE_RECURSION = YES;
				CLANG_WARN_INT_CONVERSION = YES;
				CLANG_WARN_NON_LITERAL_NULL_CONVERSION = YES;
				CLANG_WARN_OBJC_IMPLICIT_RETAIN_SELF = YES;
				CLANG_WARN_OBJC_LITERAL_CONVERSION = YES;
				CLANG_WARN_OBJC_ROOT_CLASS = YES_ERROR;
				CLANG_WARN_QUOTED_INCLUDE_IN_FRAMEWORK_HEADER = YES;
				CLANG_WARN_RANGE_LOOP_ANALYSIS = YES;
				CLANG_WARN_STRICT_PROTOTYPES = YES;
				CLANG_WARN_SUSPICIOUS_MOVE = YES;
				CLANG_WARN_UNGUARDED_AVAILABILITY = YES_AGGRESSIVE;
				CLANG_WARN_UNREACHABLE_CODE = YES;
				CLANG_WARN__DUPLICATE_METHOD_MATCH = YES;
				COPY_PHASE_STRIP = NO;
				DEBUG_INFORMATION_FORMAT = "dwarf-with-dsym";
				ENABLE_NS_ASSERTIONS = NO;
				ENABLE_STRICT_OBJC_MSGSEND = YES;
				GCC_C_LANGUAGE_STANDARD = gnu11;
				GCC_NO_COMMON_BLOCKS = YES;
				GCC_WARN_64_TO_32_BIT_CONVERSION = YES;
				GCC_WARN_ABOUT_RETURN_TYPE = YES_ERROR;
				GCC_WARN_UNDECLARED_SELECTOR = YES;
				GCC_WARN_UNINITIALIZED_AUTOS = YES_AGGRESSIVE;
				GCC_WARN_UNUSED_FUNCTION = YES;
				GCC_WARN_UNUSED_VARIABLE = YES;
				MACOSX_DEPLOYMENT_TARGET = 13.0;
				MTL_ENABLE_DEBUG_INFO = NO;
				MTL_FAST_MATH = YES;
				SDKROOT = macosx;
			};
			name = Release;
		};
		D6FE0F1829AB65B9006098FB /* Debug */ = {
			isa = XCBuildConfiguration;
			baseConfigurationReference = 768BF76DF280993F75E66FFD /* Pods-Translater.debug.xcconfig */;
			buildSettings = {
				ASSETCATALOG_COMPILER_APPICON_NAME = AppIcon;
				ASSETCATALOG_COMPILER_GLOBAL_ACCENT_COLOR_NAME = AccentColor;
				CODE_SIGN_ENTITLEMENTS = Translater/Translater.entitlements;
				CODE_SIGN_STYLE = Automatic;
				COMBINE_HIDPI_IMAGES = YES;
				CURRENT_PROJECT_VERSION = 1;
				DEVELOPMENT_TEAM = W6KQR9C6WG;
				ENABLE_HARDENED_RUNTIME = YES;
				GENERATE_INFOPLIST_FILE = YES;
				INFOPLIST_KEY_NSHumanReadableCopyright = "";
				INFOPLIST_KEY_NSMainStoryboardFile = Main;
				INFOPLIST_KEY_NSPrincipalClass = NSApplication;
				LD_RUNPATH_SEARCH_PATHS = (
					"$(inherited)",
					"@executable_path/../Frameworks",
				);
				MARKETING_VERSION = 1.0;
				PRODUCT_BUNDLE_IDENTIFIER = fun.wao.Translater;
				PRODUCT_NAME = "$(TARGET_NAME)";
				SWIFT_EMIT_LOC_STRINGS = YES;
			};
			name = Debug;
		};
		D6FE0F1929AB65B9006098FB /* Release */ = {
			isa = XCBuildConfiguration;
			baseConfigurationReference = 768F3B6315BA382200EF3D5B /* Pods-Translater.release.xcconfig */;
			buildSettings = {
				ASSETCATALOG_COMPILER_APPICON_NAME = AppIcon;
				ASSETCATALOG_COMPILER_GLOBAL_ACCENT_COLOR_NAME = AccentColor;
				CODE_SIGN_ENTITLEMENTS = Translater/Translater.entitlements;
				CODE_SIGN_STYLE = Automatic;
				COMBINE_HIDPI_IMAGES = YES;
				CURRENT_PROJECT_VERSION = 1;
				DEVELOPMENT_TEAM = W6KQR9C6WG;
				ENABLE_HARDENED_RUNTIME = YES;
				GENERATE_INFOPLIST_FILE = YES;
				INFOPLIST_KEY_NSHumanReadableCopyright = "";
				INFOPLIST_KEY_NSMainStoryboardFile = Main;
				INFOPLIST_KEY_NSPrincipalClass = NSApplication;
				LD_RUNPATH_SEARCH_PATHS = (
					"$(inherited)",
					"@executable_path/../Frameworks",
				);
				MARKETING_VERSION = 1.0;
				PRODUCT_BUNDLE_IDENTIFIER = fun.wao.Translater;
				PRODUCT_NAME = "$(TARGET_NAME)";
				SWIFT_EMIT_LOC_STRINGS = YES;
			};
			name = Release;
		};
/* End XCBuildConfiguration section */

/* Begin XCConfigurationList section */
		D64C228529ABC6AB00D21DDD /* Build configuration list for PBXNativeTarget "TranslaterExtension" */ = {
			isa = XCConfigurationList;
			buildConfigurations = (
				D64C228629ABC6AB00D21DDD /* Debug */,
				D64C228729ABC6AB00D21DDD /* Release */,
			);
			defaultConfigurationIsVisible = 0;
			defaultConfigurationName = Release;
		};
		D6FE0EFF29AB65B9006098FB /* Build configuration list for PBXProject "Translater" */ = {
			isa = XCConfigurationList;
			buildConfigurations = (
				D6FE0F1529AB65B9006098FB /* Debug */,
				D6FE0F1629AB65B9006098FB /* Release */,
			);
			defaultConfigurationIsVisible = 0;
			defaultConfigurationName = Release;
		};
		D6FE0F1729AB65B9006098FB /* Build configuration list for PBXNativeTarget "Translater" */ = {
			isa = XCConfigurationList;
			buildConfigurations = (
				D6FE0F1829AB65B9006098FB /* Debug */,
				D6FE0F1929AB65B9006098FB /* Release */,
			);
			defaultConfigurationIsVisible = 0;
			defaultConfigurationName = Release;
		};
/* End XCConfigurationList section */
	};
	rootObject = D6FE0EFC29AB65B9006098FB /* Project object */;
}
